
Microsoft Visual Studio Solution File, Format Version 12.00
# Visual Studio Version 17
VisualStudioVersion = 17.10.35027.167
MinimumVisualStudioVersion = 10.0.40219.1
Project("{FAE04EC0-301F-11D3-BF4B-00C04F79EFBC}") = "countdownTimer", "countdownTimer\countdownTimer.csproj", "{06C45117-88C3-4C0B-A983-C414C7C33968}"
EndProject
Global
	GlobalSection(SolutionConfigurationPlatforms) = preSolution
		Debug|Any CPU = Debug|Any CPU
		Release|Any CPU = Release|Any CPU
	EndGlobalSection
	GlobalSection(ProjectConfigurationPlatforms) = postSolution
		{06C45117-88C3-4C0B-A983-C414C7C33968}.Debug|Any CPU.ActiveCfg = Debug|Any CPU
		{06C45117-88C3-4C0B-A983-C414C7C33968}.Debug|Any CPU.Build.0 = Debug|Any CPU
		{06C45117-88C3-4C0B-A983-C414C7C33968}.Release|Any CPU.ActiveCfg = Release|Any CPU
		{06C45117-88C3-4C0B-A983-C414C7C33968}.Release|Any CPU.Build.0 = Release|Any CPU
	EndGlobalSection
	GlobalSection(SolutionProperties) = preSolution
		HideSolutionNode = FALSE
	EndGlobalSection
	GlobalSection(ExtensibilityGlobals) = postSolution
		SolutionGuid = {06130DD7-22FB-4EE6-A67A-CFCBB2DCF2E3}
	EndGlobalSection
EndGlobal
